// !$*UTF8*$!
{
	archiveVersion = 1;
	classes = {
	};
	objectVersion = 46;
	objects = {

/* Begin PBXBuildFile section */
		0187A6C11818813B0039BD0C /* NWGameResultViewController.m in Sources */ = {isa = PBXBuildFile; fileRef = 0187A6C01818813B0039BD0C /* NWGameResultViewController.m */; };
		019150AE1818B324008035BC /* NWGameResult.m in Sources */ = {isa = PBXBuildFile; fileRef = 019150AD1818B324008035BC /* NWGameResult.m */; };
		0198F999181104B3005A2447 /* NWGame.m in Sources */ = {isa = PBXBuildFile; fileRef = 0198F998181104B3005A2447 /* NWGame.m */; };
		01D2BB271810AB4600A75044 /* Foundation.framework in Frameworks */ = {isa = PBXBuildFile; fileRef = 01D2BB261810AB4600A75044 /* Foundation.framework */; };
		01D2BB291810AB4700A75044 /* CoreGraphics.framework in Frameworks */ = {isa = PBXBuildFile; fileRef = 01D2BB281810AB4700A75044 /* CoreGraphics.framework */; };
		01D2BB2B1810AB4700A75044 /* UIKit.framework in Frameworks */ = {isa = PBXBuildFile; fileRef = 01D2BB2A1810AB4700A75044 /* UIKit.framework */; };
		01D2BB311810AB4700A75044 /* InfoPlist.strings in Resources */ = {isa = PBXBuildFile; fileRef = 01D2BB2F1810AB4700A75044 /* InfoPlist.strings */; };
		01D2BB331810AB4700A75044 /* main.m in Sources */ = {isa = PBXBuildFile; fileRef = 01D2BB321810AB4700A75044 /* main.m */; };
		01D2BB371810AB4700A75044 /* NWAppDelegate.m in Sources */ = {isa = PBXBuildFile; fileRef = 01D2BB361810AB4700A75044 /* NWAppDelegate.m */; };
		01D2BB3A1810AB4700A75044 /* Main.storyboard in Resources */ = {isa = PBXBuildFile; fileRef = 01D2BB381810AB4700A75044 /* Main.storyboard */; };
		01D2BB3D1810AB4700A75044 /* NWViewController.m in Sources */ = {isa = PBXBuildFile; fileRef = 01D2BB3C1810AB4700A75044 /* NWViewController.m */; };
		01D2BB3F1810AB4700A75044 /* Images.xcassets in Resources */ = {isa = PBXBuildFile; fileRef = 01D2BB3E1810AB4700A75044 /* Images.xcassets */; };
		01D2BB461810AB4700A75044 /* XCTest.framework in Frameworks */ = {isa = PBXBuildFile; fileRef = 01D2BB451810AB4700A75044 /* XCTest.framework */; };
		01D2BB471810AB4700A75044 /* Foundation.framework in Frameworks */ = {isa = PBXBuildFile; fileRef = 01D2BB261810AB4600A75044 /* Foundation.framework */; };
		01D2BB481810AB4700A75044 /* UIKit.framework in Frameworks */ = {isa = PBXBuildFile; fileRef = 01D2BB2A1810AB4700A75044 /* UIKit.framework */; };
		01D2BB501810AB4700A75044 /* InfoPlist.strings in Resources */ = {isa = PBXBuildFile; fileRef = 01D2BB4E1810AB4700A75044 /* InfoPlist.strings */; };
		01D2BB521810AB4700A75044 /* card_matchingTests.m in Sources */ = {isa = PBXBuildFile; fileRef = 01D2BB511810AB4700A75044 /* card_matchingTests.m */; };
		01D2BB5E1810AB6400A75044 /* NWCard.m in Sources */ = {isa = PBXBuildFile; fileRef = 01D2BB5D1810AB6400A75044 /* NWCard.m */; };
		01D2BB611810ACDD00A75044 /* NWDeck.m in Sources */ = {isa = PBXBuildFile; fileRef = 01D2BB601810ACDD00A75044 /* NWDeck.m */; };
		01D2BB641810B6B800A75044 /* NWPlayingCard.m in Sources */ = {isa = PBXBuildFile; fileRef = 01D2BB631810B6B800A75044 /* NWPlayingCard.m */; };
		01D2BB671810BBB700A75044 /* NWPlayingCardDeck.m in Sources */ = {isa = PBXBuildFile; fileRef = 01D2BB661810BBB700A75044 /* NWPlayingCardDeck.m */; };
/* End PBXBuildFile section */

/* Begin PBXContainerItemProxy section */
		01D2BB491810AB4700A75044 /* PBXContainerItemProxy */ = {
			isa = PBXContainerItemProxy;
			containerPortal = 01D2BB1B1810AB4600A75044 /* Project object */;
			proxyType = 1;
			remoteGlobalIDString = 01D2BB221810AB4600A75044;
			remoteInfo = card_matching;
		};
/* End PBXContainerItemProxy section */

/* Begin PBXFileReference section */
		0187A6BF1818813B0039BD0C /* NWGameResultViewController.h */ = {isa = PBXFileReference; fileEncoding = 4; lastKnownFileType = sourcecode.c.h; path = NWGameResultViewController.h; sourceTree = "<group>"; };
		0187A6C01818813B0039BD0C /* NWGameResultViewController.m */ = {isa = PBXFileReference; fileEncoding = 4; lastKnownFileType = sourcecode.c.objc; path = NWGameResultViewController.m; sourceTree = "<group>"; };
		019150AC1818B324008035BC /* NWGameResult.h */ = {isa = PBXFileReference; fileEncoding = 4; lastKnownFileType = sourcecode.c.h; path = NWGameResult.h; sourceTree = "<group>"; };
		019150AD1818B324008035BC /* NWGameResult.m */ = {isa = PBXFileReference; fileEncoding = 4; lastKnownFileType = sourcecode.c.objc; path = NWGameResult.m; sourceTree = "<group>"; };
		0198F997181104B3005A2447 /* NWGame.h */ = {isa = PBXFileReference; fileEncoding = 4; lastKnownFileType = sourcecode.c.h; path = NWGame.h; sourceTree = "<group>"; };
		0198F998181104B3005A2447 /* NWGame.m */ = {isa = PBXFileReference; fileEncoding = 4; lastKnownFileType = sourcecode.c.objc; path = NWGame.m; sourceTree = "<group>"; };
		01D2BB231810AB4600A75044 /* card_matching.app */ = {isa = PBXFileReference; explicitFileType = wrapper.application; includeInIndex = 0; path = card_matching.app; sourceTree = BUILT_PRODUCTS_DIR; };
		01D2BB261810AB4600A75044 /* Foundation.framework */ = {isa = PBXFileReference; lastKnownFileType = wrapper.framework; name = Foundation.framework; path = System/Library/Frameworks/Foundation.framework; sourceTree = SDKROOT; };
		01D2BB281810AB4700A75044 /* CoreGraphics.framework */ = {isa = PBXFileReference; lastKnownFileType = wrapper.framework; name = CoreGraphics.framework; path = System/Library/Frameworks/CoreGraphics.framework; sourceTree = SDKROOT; };
		01D2BB2A1810AB4700A75044 /* UIKit.framework */ = {isa = PBXFileReference; lastKnownFileType = wrapper.framework; name = UIKit.framework; path = System/Library/Frameworks/UIKit.framework; sourceTree = SDKROOT; };
		01D2BB2E1810AB4700A75044 /* card_matching-Info.plist */ = {isa = PBXFileReference; lastKnownFileType = text.plist.xml; path = "card_matching-Info.plist"; sourceTree = "<group>"; };
		01D2BB301810AB4700A75044 /* en */ = {isa = PBXFileReference; lastKnownFileType = text.plist.strings; name = en; path = en.lproj/InfoPlist.strings; sourceTree = "<group>"; };
		01D2BB321810AB4700A75044 /* main.m */ = {isa = PBXFileReference; lastKnownFileType = sourcecode.c.objc; path = main.m; sourceTree = "<group>"; };
		01D2BB341810AB4700A75044 /* card_matching-Prefix.pch */ = {isa = PBXFileReference; lastKnownFileType = sourcecode.c.h; path = "card_matching-Prefix.pch"; sourceTree = "<group>"; };
		01D2BB351810AB4700A75044 /* NWAppDelegate.h */ = {isa = PBXFileReference; lastKnownFileType = sourcecode.c.h; path = NWAppDelegate.h; sourceTree = "<group>"; };
		01D2BB361810AB4700A75044 /* NWAppDelegate.m */ = {isa = PBXFileReference; lastKnownFileType = sourcecode.c.objc; path = NWAppDelegate.m; sourceTree = "<group>"; };
		01D2BB391810AB4700A75044 /* Base */ = {isa = PBXFileReference; lastKnownFileType = file.storyboard; name = Base; path = Base.lproj/Main.storyboard; sourceTree = "<group>"; };
		01D2BB3B1810AB4700A75044 /* NWViewController.h */ = {isa = PBXFileReference; lastKnownFileType = sourcecode.c.h; path = NWViewController.h; sourceTree = "<group>"; };
		01D2BB3C1810AB4700A75044 /* NWViewController.m */ = {isa = PBXFileReference; lastKnownFileType = sourcecode.c.objc; path = NWViewController.m; sourceTree = "<group>"; };
		01D2BB3E1810AB4700A75044 /* Images.xcassets */ = {isa = PBXFileReference; lastKnownFileType = folder.assetcatalog; path = Images.xcassets; sourceTree = "<group>"; };
		01D2BB441810AB4700A75044 /* card_matchingTests.xctest */ = {isa = PBXFileReference; explicitFileType = wrapper.cfbundle; includeInIndex = 0; path = card_matchingTests.xctest; sourceTree = BUILT_PRODUCTS_DIR; };
		01D2BB451810AB4700A75044 /* XCTest.framework */ = {isa = PBXFileReference; lastKnownFileType = wrapper.framework; name = XCTest.framework; path = Library/Frameworks/XCTest.framework; sourceTree = DEVELOPER_DIR; };
		01D2BB4D1810AB4700A75044 /* card_matchingTests-Info.plist */ = {isa = PBXFileReference; lastKnownFileType = text.plist.xml; path = "card_matchingTests-Info.plist"; sourceTree = "<group>"; };
		01D2BB4F1810AB4700A75044 /* en */ = {isa = PBXFileReference; lastKnownFileType = text.plist.strings; name = en; path = en.lproj/InfoPlist.strings; sourceTree = "<group>"; };
		01D2BB511810AB4700A75044 /* card_matchingTests.m */ = {isa = PBXFileReference; lastKnownFileType = sourcecode.c.objc; path = card_matchingTests.m; sourceTree = "<group>"; };
		01D2BB5C1810AB6400A75044 /* NWCard.h */ = {isa = PBXFileReference; fileEncoding = 4; lastKnownFileType = sourcecode.c.h; path = NWCard.h; sourceTree = "<group>"; };
		01D2BB5D1810AB6400A75044 /* NWCard.m */ = {isa = PBXFileReference; fileEncoding = 4; lastKnownFileType = sourcecode.c.objc; path = NWCard.m; sourceTree = "<group>"; };
		01D2BB5F1810ACDD00A75044 /* NWDeck.h */ = {isa = PBXFileReference; fileEncoding = 4; lastKnownFileType = sourcecode.c.h; path = NWDeck.h; sourceTree = "<group>"; };
		01D2BB601810ACDD00A75044 /* NWDeck.m */ = {isa = PBXFileReference; fileEncoding = 4; lastKnownFileType = sourcecode.c.objc; path = NWDeck.m; sourceTree = "<group>"; };
		01D2BB621810B6B800A75044 /* NWPlayingCard.h */ = {isa = PBXFileReference; fileEncoding = 4; lastKnownFileType = sourcecode.c.h; path = NWPlayingCard.h; sourceTree = "<group>"; };
		01D2BB631810B6B800A75044 /* NWPlayingCard.m */ = {isa = PBXFileReference; fileEncoding = 4; lastKnownFileType = sourcecode.c.objc; path = NWPlayingCard.m; sourceTree = "<group>"; };
		01D2BB651810BBB700A75044 /* NWPlayingCardDeck.h */ = {isa = PBXFileReference; fileEncoding = 4; lastKnownFileType = sourcecode.c.h; path = NWPlayingCardDeck.h; sourceTree = "<group>"; };
		01D2BB661810BBB700A75044 /* NWPlayingCardDeck.m */ = {isa = PBXFileReference; fileEncoding = 4; lastKnownFileType = sourcecode.c.objc; path = NWPlayingCardDeck.m; sourceTree = "<group>"; };
/* End PBXFileReference section */

/* Begin PBXFrameworksBuildPhase section */
		01D2BB201810AB4600A75044 /* Frameworks */ = {
			isa = PBXFrameworksBuildPhase;
			buildActionMask = 2147483647;
			files = (
				01D2BB291810AB4700A75044 /* CoreGraphics.framework in Frameworks */,
				01D2BB2B1810AB4700A75044 /* UIKit.framework in Frameworks */,
				01D2BB271810AB4600A75044 /* Foundation.framework in Frameworks */,
			);
			runOnlyForDeploymentPostprocessing = 0;
		};
		01D2BB411810AB4700A75044 /* Frameworks */ = {
			isa = PBXFrameworksBuildPhase;
			buildActionMask = 2147483647;
			files = (
				01D2BB461810AB4700A75044 /* XCTest.framework in Frameworks */,
				01D2BB481810AB4700A75044 /* UIKit.framework in Frameworks */,
				01D2BB471810AB4700A75044 /* Foundation.framework in Frameworks */,
			);
			runOnlyForDeploymentPostprocessing = 0;
		};
/* End PBXFrameworksBuildPhase section */

/* Begin PBXGroup section */
		01D2BB1A1810AB4600A75044 = {
			isa = PBXGroup;
			children = (
				01D2BB2C1810AB4700A75044 /* card_matching */,
				01D2BB4B1810AB4700A75044 /* card_matchingTests */,
				01D2BB251810AB4600A75044 /* Frameworks */,
				01D2BB241810AB4600A75044 /* Products */,
			);
			sourceTree = "<group>";
		};
		01D2BB241810AB4600A75044 /* Products */ = {
			isa = PBXGroup;
			children = (
				01D2BB231810AB4600A75044 /* card_matching.app */,
				01D2BB441810AB4700A75044 /* card_matchingTests.xctest */,
			);
			name = Products;
			sourceTree = "<group>";
		};
		01D2BB251810AB4600A75044 /* Frameworks */ = {
			isa = PBXGroup;
			children = (
				01D2BB261810AB4600A75044 /* Foundation.framework */,
				01D2BB281810AB4700A75044 /* CoreGraphics.framework */,
				01D2BB2A1810AB4700A75044 /* UIKit.framework */,
				01D2BB451810AB4700A75044 /* XCTest.framework */,
			);
			name = Frameworks;
			sourceTree = "<group>";
		};
		01D2BB2C1810AB4700A75044 /* card_matching */ = {
			isa = PBXGroup;
			children = (
				01D2BB351810AB4700A75044 /* NWAppDelegate.h */,
				01D2BB361810AB4700A75044 /* NWAppDelegate.m */,
				01D2BB381810AB4700A75044 /* Main.storyboard */,
				0187A6BF1818813B0039BD0C /* NWGameResultViewController.h */,
				0187A6C01818813B0039BD0C /* NWGameResultViewController.m */,
				01D2BB3B1810AB4700A75044 /* NWViewController.h */,
				01D2BB3C1810AB4700A75044 /* NWViewController.m */,
				01D2BB5B1810AB5000A75044 /* Models */,
				01D2BB3E1810AB4700A75044 /* Images.xcassets */,
				01D2BB2D1810AB4700A75044 /* Supporting Files */,
			);
			path = card_matching;
			sourceTree = "<group>";
		};
		01D2BB2D1810AB4700A75044 /* Supporting Files */ = {
			isa = PBXGroup;
			children = (
				01D2BB2E1810AB4700A75044 /* card_matching-Info.plist */,
				01D2BB2F1810AB4700A75044 /* InfoPlist.strings */,
				01D2BB321810AB4700A75044 /* main.m */,
				01D2BB341810AB4700A75044 /* card_matching-Prefix.pch */,
			);
			name = "Supporting Files";
			sourceTree = "<group>";
		};
		01D2BB4B1810AB4700A75044 /* card_matchingTests */ = {
			isa = PBXGroup;
			children = (
				01D2BB511810AB4700A75044 /* card_matchingTests.m */,
				01D2BB4C1810AB4700A75044 /* Supporting Files */,
			);
			path = card_matchingTests;
			sourceTree = "<group>";
		};
		01D2BB4C1810AB4700A75044 /* Supporting Files */ = {
			isa = PBXGroup;
			children = (
				01D2BB4D1810AB4700A75044 /* card_matchingTests-Info.plist */,
				01D2BB4E1810AB4700A75044 /* InfoPlist.strings */,
			);
			name = "Supporting Files";
			sourceTree = "<group>";
		};
		01D2BB5B1810AB5000A75044 /* Models */ = {
			isa = PBXGroup;
			children = (
				019150AC1818B324008035BC /* NWGameResult.h */,
				019150AD1818B324008035BC /* NWGameResult.m */,
				0198F997181104B3005A2447 /* NWGame.h */,
				0198F998181104B3005A2447 /* NWGame.m */,
				01D2BB5C1810AB6400A75044 /* NWCard.h */,
				01D2BB5D1810AB6400A75044 /* NWCard.m */,
				01D2BB5F1810ACDD00A75044 /* NWDeck.h */,
				01D2BB601810ACDD00A75044 /* NWDeck.m */,
				01D2BB621810B6B800A75044 /* NWPlayingCard.h */,
				01D2BB631810B6B800A75044 /* NWPlayingCard.m */,
				01D2BB651810BBB700A75044 /* NWPlayingCardDeck.h */,
				01D2BB661810BBB700A75044 /* NWPlayingCardDeck.m */,
			);
			name = Models;
			sourceTree = "<group>";
		};
/* End PBXGroup section */

/* Begin PBXNativeTarget section */
		01D2BB221810AB4600A75044 /* card_matching */ = {
			isa = PBXNativeTarget;
			buildConfigurationList = 01D2BB551810AB4700A75044 /* Build configuration list for PBXNativeTarget "card_matching" */;
			buildPhases = (
				01D2BB1F1810AB4600A75044 /* Sources */,
				01D2BB201810AB4600A75044 /* Frameworks */,
				01D2BB211810AB4600A75044 /* Resources */,
			);
			buildRules = (
			);
			dependencies = (
			);
			name = card_matching;
			productName = card_matching;
			productReference = 01D2BB231810AB4600A75044 /* card_matching.app */;
			productType = "com.apple.product-type.application";
		};
		01D2BB431810AB4700A75044 /* card_matchingTests */ = {
			isa = PBXNativeTarget;
			buildConfigurationList = 01D2BB581810AB4700A75044 /* Build configuration list for PBXNativeTarget "card_matchingTests" */;
			buildPhases = (
				01D2BB401810AB4700A75044 /* Sources */,
				01D2BB411810AB4700A75044 /* Frameworks */,
				01D2BB421810AB4700A75044 /* Resources */,
			);
			buildRules = (
			);
			dependencies = (
				01D2BB4A1810AB4700A75044 /* PBXTargetDependency */,
			);
			name = card_matchingTests;
			productName = card_matchingTests;
			productReference = 01D2BB441810AB4700A75044 /* card_matchingTests.xctest */;
			productType = "com.apple.product-type.bundle.unit-test";
		};
/* End PBXNativeTarget section */

/* Begin PBXProject section */
		01D2BB1B1810AB4600A75044 /* Project object */ = {
			isa = PBXProject;
			attributes = {
				CLASSPREFIX = NW;
				LastUpgradeCheck = 0500;
				ORGANIZATIONNAME = "Nicholas Wargnier";
				TargetAttributes = {
					01D2BB431810AB4700A75044 = {
						TestTargetID = 01D2BB221810AB4600A75044;
					};
				};
			};
			buildConfigurationList = 01D2BB1E1810AB4600A75044 /* Build configuration list for PBXProject "card_matching" */;
			compatibilityVersion = "Xcode 3.2";
			developmentRegion = English;
			hasScannedForEncodings = 0;
			knownRegions = (
				en,
				Base,
			);
			mainGroup = 01D2BB1A1810AB4600A75044;
			productRefGroup = 01D2BB241810AB4600A75044 /* Products */;
			projectDirPath = "";
			projectRoot = "";
			targets = (
				01D2BB221810AB4600A75044 /* card_matching */,
				01D2BB431810AB4700A75044 /* card_matchingTests */,
			);
		};
/* End PBXProject section */

/* Begin PBXResourcesBuildPhase section */
		01D2BB211810AB4600A75044 /* Resources */ = {
			isa = PBXResourcesBuildPhase;
			buildActionMask = 2147483647;
			files = (
				01D2BB3F1810AB4700A75044 /* Images.xcassets in Resources */,
				01D2BB311810AB4700A75044 /* InfoPlist.strings in Resources */,
				01D2BB3A1810AB4700A75044 /* Main.storyboard in Resources */,
			);
			runOnlyForDeploymentPostprocessing = 0;
		};
		01D2BB421810AB4700A75044 /* Resources */ = {
			isa = PBXResourcesBuildPhase;
			buildActionMask = 2147483647;
			files = (
				01D2BB501810AB4700A75044 /* InfoPlist.strings in Resources */,
			);
			runOnlyForDeploymentPostprocessing = 0;
		};
/* End PBXResourcesBuildPhase section */

/* Begin PBXSourcesBuildPhase section */
		01D2BB1F1810AB4600A75044 /* Sources */ = {
			isa = PBXSourcesBuildPhase;
			buildActionMask = 2147483647;
			files = (
				01D2BB3D1810AB4700A75044 /* NWViewController.m in Sources */,
				01D2BB611810ACDD00A75044 /* NWDeck.m in Sources */,
				0198F999181104B3005A2447 /* NWGame.m in Sources */,
				0187A6C11818813B0039BD0C /* NWGameResultViewController.m in Sources */,
				01D2BB331810AB4700A75044 /* main.m in Sources */,
				01D2BB641810B6B800A75044 /* NWPlayingCard.m in Sources */,
				01D2BB5E1810AB6400A75044 /* NWCard.m in Sources */,
				01D2BB671810BBB700A75044 /* NWPlayingCardDeck.m in Sources */,
				019150AE1818B324008035BC /* NWGameResult.m in Sources */,
				01D2BB371810AB4700A75044 /* NWAppDelegate.m in Sources */,
			);
			runOnlyForDeploymentPostprocessing = 0;
		};
		01D2BB401810AB4700A75044 /* Sources */ = {
			isa = PBXSourcesBuildPhase;
			buildActionMask = 2147483647;
			files = (
				01D2BB521810AB4700A75044 /* card_matchingTests.m in Sources */,
			);
			runOnlyForDeploymentPostprocessing = 0;
		};
/* End PBXSourcesBuildPhase section */

/* Begin PBXTargetDependency section */
		01D2BB4A1810AB4700A75044 /* PBXTargetDependency */ = {
			isa = PBXTargetDependency;
			target = 01D2BB221810AB4600A75044 /* card_matching */;
			targetProxy = 01D2BB491810AB4700A75044 /* PBXContainerItemProxy */;
		};
/* End PBXTargetDependency section */

/* Begin PBXVariantGroup section */
		01D2BB2F1810AB4700A75044 /* InfoPlist.strings */ = {
			isa = PBXVariantGroup;
			children = (
				01D2BB301810AB4700A75044 /* en */,
			);
			name = InfoPlist.strings;
			sourceTree = "<group>";
		};
		01D2BB381810AB4700A75044 /* Main.storyboard */ = {
			isa = PBXVariantGroup;
			children = (
				01D2BB391810AB4700A75044 /* Base */,
			);
			name = Main.storyboard;
			sourceTree = "<group>";
		};
		01D2BB4E1810AB4700A75044 /* InfoPlist.strings */ = {
			isa = PBXVariantGroup;
			children = (
				01D2BB4F1810AB4700A75044 /* en */,
			);
			name = InfoPlist.strings;
			sourceTree = "<group>";
		};
/* End PBXVariantGroup section */

/* Begin XCBuildConfiguration section */
		01D2BB531810AB4700A75044 /* Debug */ = {
			isa = XCBuildConfiguration;
			buildSettings = {
				ALWAYS_SEARCH_USER_PATHS = NO;
				ARCHS = "$(ARCHS_STANDARD_INCLUDING_64_BIT)";
				CLANG_CXX_LANGUAGE_STANDARD = "gnu++0x";
				CLANG_CXX_LIBRARY = "libc++";
				CLANG_ENABLE_MODULES = YES;
				CLANG_ENABLE_OBJC_ARC = YES;
				CLANG_WARN_BOOL_CONVERSION = YES;
				CLANG_WARN_CONSTANT_CONVERSION = YES;
				CLANG_WARN_DIRECT_OBJC_ISA_USAGE = YES_ERROR;
				CLANG_WARN_EMPTY_BODY = YES;
				CLANG_WARN_ENUM_CONVERSION = YES;
				CLANG_WARN_INT_CONVERSION = YES;
				CLANG_WARN_OBJC_ROOT_CLASS = YES_ERROR;
				CLANG_WARN__DUPLICATE_METHOD_MATCH = YES;
				"CODE_SIGN_IDENTITY[sdk=iphoneos*]" = "iPhone Developer";
				COPY_PHASE_STRIP = NO;
				GCC_C_LANGUAGE_STANDARD = gnu99;
				GCC_DYNAMIC_NO_PIC = NO;
				GCC_OPTIMIZATION_LEVEL = 0;
				GCC_PREPROCESSOR_DEFINITIONS = (
					"DEBUG=1",
					"$(inherited)",
				);
				GCC_SYMBOLS_PRIVATE_EXTERN = NO;
				GCC_WARN_64_TO_32_BIT_CONVERSION = YES;
				GCC_WARN_ABOUT_RETURN_TYPE = YES_ERROR;
				GCC_WARN_UNDECLARED_SELECTOR = YES;
				GCC_WARN_UNINITIALIZED_AUTOS = YES;
				GCC_WARN_UNUSED_FUNCTION = YES;
				GCC_WARN_UNUSED_VARIABLE = YES;
				IPHONEOS_DEPLOYMENT_TARGET = 7.0;
				ONLY_ACTIVE_ARCH = YES;
				SDKROOT = iphoneos;
			};
			name = Debug;
		};
		01D2BB541810AB4700A75044 /* Release */ = {
			isa = XCBuildConfiguration;
			buildSettings = {
				ALWAYS_SEARCH_USER_PATHS = NO;
				ARCHS = "$(ARCHS_STANDARD_INCLUDING_64_BIT)";
				CLANG_CXX_LANGUAGE_STANDARD = "gnu++0x";
				CLANG_CXX_LIBRARY = "libc++";
				CLANG_ENABLE_MODULES = YES;
				CLANG_ENABLE_OBJC_ARC = YES;
				CLANG_WARN_BOOL_CONVERSION = YES;
				CLANG_WARN_CONSTANT_CONVERSION = YES;
				CLANG_WARN_DIRECT_OBJC_ISA_USAGE = YES_ERROR;
				CLANG_WARN_EMPTY_BODY = YES;
				CLANG_WARN_ENUM_CONVERSION = YES;
				CLANG_WARN_INT_CONVERSION = YES;
				CLANG_WARN_OBJC_ROOT_CLASS = YES_ERROR;
				CLANG_WARN__DUPLICATE_METHOD_MATCH = YES;
				"CODE_SIGN_IDENTITY[sdk=iphoneos*]" = "iPhone Developer";
				COPY_PHASE_STRIP = YES;
				ENABLE_NS_ASSERTIONS = NO;
				GCC_C_LANGUAGE_STANDARD = gnu99;
				GCC_WARN_64_TO_32_BIT_CONVERSION = YES;
				GCC_WARN_ABOUT_RETURN_TYPE = YES_ERROR;
				GCC_WARN_UNDECLARED_SELECTOR = YES;
				GCC_WARN_UNINITIALIZED_AUTOS = YES;
				GCC_WARN_UNUSED_FUNCTION = YES;
				GCC_WARN_UNUSED_VARIABLE = YES;
				IPHONEOS_DEPLOYMENT_TARGET = 7.0;
				SDKROOT = iphoneos;
				VALIDATE_PRODUCT = YES;
			};
			name = Release;
		};
		01D2BB561810AB4700A75044 /* Debug */ = {
			isa = XCBuildConfiguration;
			buildSettings = {
				ASSETCATALOG_COMPILER_APPICON_NAME = AppIcon;
				ASSETCATALOG_COMPILER_LAUNCHIMAGE_NAME = LaunchImage;
				GCC_PRECOMPILE_PREFIX_HEADER = YES;
				GCC_PREFIX_HEADER = "card_matching/card_matching-Prefix.pch";
				INFOPLIST_FILE = "card_matching/card_matching-Info.plist";
				PRODUCT_NAME = "$(TARGET_NAME)";
				WRAPPER_EXTENSION = app;
			};
			name = Debug;
		};
		01D2BB571810AB4700A75044 /* Release */ = {
			isa = XCBuildConfiguration;
			buildSettings = {
				ASSETCATALOG_COMPILER_APPICON_NAME = AppIcon;
				ASSETCATALOG_COMPILER_LAUNCHIMAGE_NAME = LaunchImage;
				GCC_PRECOMPILE_PREFIX_HEADER = YES;
				GCC_PREFIX_HEADER = "card_matching/card_matching-Prefix.pch";
				INFOPLIST_FILE = "card_matching/card_matching-Info.plist";
				PRODUCT_NAME = "$(TARGET_NAME)";
				WRAPPER_EXTENSION = app;
			};
			name = Release;
		};
		01D2BB591810AB4700A75044 /* Debug */ = {
			isa = XCBuildConfiguration;
			buildSettings = {
				ARCHS = "$(ARCHS_STANDARD_INCLUDING_64_BIT)";
				BUNDLE_LOADER = "$(BUILT_PRODUCTS_DIR)/card_matching.app/card_matching";
				FRAMEWORK_SEARCH_PATHS = (
					"$(SDKROOT)/Developer/Library/Frameworks",
					"$(inherited)",
					"$(DEVELOPER_FRAMEWORKS_DIR)",
				);
				GCC_PRECOMPILE_PREFIX_HEADER = YES;
				GCC_PREFIX_HEADER = "card_matching/card_matching-Prefix.pch";
				GCC_PREPROCESSOR_DEFINITIONS = (
					"DEBUG=1",
					"$(inherited)",
				);
				INFOPLIST_FILE = "card_matchingTests/card_matchingTests-Info.plist";
				PRODUCT_NAME = "$(TARGET_NAME)";
				TEST_HOST = "$(BUNDLE_LOADER)";
				WRAPPER_EXTENSION = xctest;
			};
			name = Debug;
		};
		01D2BB5A1810AB4700A75044 /* Release */ = {
			isa = XCBuildConfiguration;
			buildSettings = {
				ARCHS = "$(ARCHS_STANDARD_INCLUDING_64_BIT)";
				BUNDLE_LOADER = "$(BUILT_PRODUCTS_DIR)/card_matching.app/card_matching";
				FRAMEWORK_SEARCH_PATHS = (
					"$(SDKROOT)/Developer/Library/Frameworks",
					"$(inherited)",
					"$(DEVELOPER_FRAMEWORKS_DIR)",
				);
				GCC_PRECOMPILE_PREFIX_HEADER = YES;
				GCC_PREFIX_HEADER = "card_matching/card_matching-Prefix.pch";
				INFOPLIST_FILE = "card_matchingTests/card_matchingTests-Info.plist";
				PRODUCT_NAME = "$(TARGET_NAME)";
				TEST_HOST = "$(BUNDLE_LOADER)";
				WRAPPER_EXTENSION = xctest;
			};
			name = Release;
		};
/* End XCBuildConfiguration section */

/* Begin XCConfigurationList section */
		01D2BB1E1810AB4600A75044 /* Build configuration list for PBXProject "card_matching" */ = {
			isa = XCConfigurationList;
			buildConfigurations = (
				01D2BB531810AB4700A75044 /* Debug */,
				01D2BB541810AB4700A75044 /* Release */,
			);
			defaultConfigurationIsVisible = 0;
			defaultConfigurationName = Release;
		};
		01D2BB551810AB4700A75044 /* Build configuration list for PBXNativeTarget "card_matching" */ = {
			isa = XCConfigurationList;
			buildConfigurations = (
				01D2BB561810AB4700A75044 /* Debug */,
				01D2BB571810AB4700A75044 /* Release */,
			);
			defaultConfigurationIsVisible = 0;
			defaultConfigurationName = Release;
		};
		01D2BB581810AB4700A75044 /* Build configuration list for PBXNativeTarget "card_matchingTests" */ = {
			isa = XCConfigurationList;
			buildConfigurations = (
				01D2BB591810AB4700A75044 /* Debug */,
				01D2BB5A1810AB4700A75044 /* Release */,
			);
			defaultConfigurationIsVisible = 0;
			defaultConfigurationName = Release;
		};
/* End XCConfigurationList section */
	};
	rootObject = 01D2BB1B1810AB4600A75044 /* Project object */;
}
